// !$*UTF8*$!
{
	archiveVersion = 1;
	classes = {
	};
	objectVersion = 50;
	objects = {

/* Begin PBXBuildFile section */
		072384A525E9E3FA008818F8 /* TaskModel.swift in Sources */ = {isa = PBXBuildFile; fileRef = 072384A425E9E3FA008818F8 /* TaskModel.swift */; };
		072384A825E9E77E008818F8 /* Card.swift in Sources */ = {isa = PBXBuildFile; fileRef = 072384A725E9E77E008818F8 /* Card.swift */; };
		072384AE25E9E871008818F8 /* TaskController.swift in Sources */ = {isa = PBXBuildFile; fileRef = 072384AD25E9E871008818F8 /* TaskController.swift */; };
		072384B425EA0FCB008818F8 /* Header.swift in Sources */ = {isa = PBXBuildFile; fileRef = 072384B325EA0FCB008818F8 /* Header.swift */; };
		073865D925E7537F003B33F3 /* AppDelegate.swift in Sources */ = {isa = PBXBuildFile; fileRef = 073865D825E7537F003B33F3 /* AppDelegate.swift */; };
		073865DB25E7537F003B33F3 /* SceneDelegate.swift in Sources */ = {isa = PBXBuildFile; fileRef = 073865DA25E7537F003B33F3 /* SceneDelegate.swift */; };
		073865DD25E7537F003B33F3 /* ViewController.swift in Sources */ = {isa = PBXBuildFile; fileRef = 073865DC25E7537F003B33F3 /* ViewController.swift */; };
		073865E025E7537F003B33F3 /* Main.storyboard in Resources */ = {isa = PBXBuildFile; fileRef = 073865DE25E7537F003B33F3 /* Main.storyboard */; };
		073865E225E7537F003B33F3 /* Assets.xcassets in Resources */ = {isa = PBXBuildFile; fileRef = 073865E125E7537F003B33F3 /* Assets.xcassets */; };
		073865E525E7537F003B33F3 /* LaunchScreen.storyboard in Resources */ = {isa = PBXBuildFile; fileRef = 073865E325E7537F003B33F3 /* LaunchScreen.storyboard */; };
/* End PBXBuildFile section */

/* Begin PBXFileReference section */
		072384A425E9E3FA008818F8 /* TaskModel.swift */ = {isa = PBXFileReference; lastKnownFileType = sourcecode.swift; path = TaskModel.swift; sourceTree = "<group>"; };
		072384A725E9E77E008818F8 /* Card.swift */ = {isa = PBXFileReference; lastKnownFileType = sourcecode.swift; path = Card.swift; sourceTree = "<group>"; };
		072384AD25E9E871008818F8 /* TaskController.swift */ = {isa = PBXFileReference; lastKnownFileType = sourcecode.swift; path = TaskController.swift; sourceTree = "<group>"; };
		072384B325EA0FCB008818F8 /* Header.swift */ = {isa = PBXFileReference; lastKnownFileType = sourcecode.swift; path = Header.swift; sourceTree = "<group>"; };
		073865D525E7537F003B33F3 /* SuperAwesomeTodoApp.app */ = {isa = PBXFileReference; explicitFileType = wrapper.application; includeInIndex = 0; path = SuperAwesomeTodoApp.app; sourceTree = BUILT_PRODUCTS_DIR; };
		073865D825E7537F003B33F3 /* AppDelegate.swift */ = {isa = PBXFileReference; lastKnownFileType = sourcecode.swift; path = AppDelegate.swift; sourceTree = "<group>"; };
		073865DA25E7537F003B33F3 /* SceneDelegate.swift */ = {isa = PBXFileReference; lastKnownFileType = sourcecode.swift; path = SceneDelegate.swift; sourceTree = "<group>"; };
		073865DC25E7537F003B33F3 /* ViewController.swift */ = {isa = PBXFileReference; lastKnownFileType = sourcecode.swift; path = ViewController.swift; sourceTree = "<group>"; };
		073865DF25E7537F003B33F3 /* Base */ = {isa = PBXFileReference; lastKnownFileType = file.storyboard; name = Base; path = Base.lproj/Main.storyboard; sourceTree = "<group>"; };
		073865E125E7537F003B33F3 /* Assets.xcassets */ = {isa = PBXFileReference; lastKnownFileType = folder.assetcatalog; path = Assets.xcassets; sourceTree = "<group>"; };
		073865E425E7537F003B33F3 /* Base */ = {isa = PBXFileReference; lastKnownFileType = file.storyboard; name = Base; path = Base.lproj/LaunchScreen.storyboard; sourceTree = "<group>"; };
		073865E625E7537F003B33F3 /* Info.plist */ = {isa = PBXFileReference; lastKnownFileType = text.plist.xml; path = Info.plist; sourceTree = "<group>"; };
/* End PBXFileReference section */

/* Begin PBXFrameworksBuildPhase section */
		073865D225E7537F003B33F3 /* Frameworks */ = {
			isa = PBXFrameworksBuildPhase;
			buildActionMask = 2147483647;
			files = (
			);
			runOnlyForDeploymentPostprocessing = 0;
		};
/* End PBXFrameworksBuildPhase section */

/* Begin PBXGroup section */
		070D3D3925E9E2CD007C33B8 /* Model */ = {
			isa = PBXGroup;
			children = (
				072384A425E9E3FA008818F8 /* TaskModel.swift */,
			);
			path = Model;
			sourceTree = "<group>";
		};
		072384A225E9E3D2008818F8 /* View */ = {
			isa = PBXGroup;
			children = (
				072384A725E9E77E008818F8 /* Card.swift */,
				072384B325EA0FCB008818F8 /* Header.swift */,
			);
			path = View;
			sourceTree = "<group>";
		};
		072384A325E9E3D8008818F8 /* Controller */ = {
			isa = PBXGroup;
			children = (
				072384AD25E9E871008818F8 /* TaskController.swift */,
			);
			path = Controller;
			sourceTree = "<group>";
		};
		073865CC25E7537F003B33F3 = {
			isa = PBXGroup;
			children = (
				073865D725E7537F003B33F3 /* SuperAwesomeTodoApp */,
				073865D625E7537F003B33F3 /* Products */,
			);
			sourceTree = "<group>";
		};
		073865D625E7537F003B33F3 /* Products */ = {
			isa = PBXGroup;
			children = (
				073865D525E7537F003B33F3 /* SuperAwesomeTodoApp.app */,
			);
			name = Products;
			sourceTree = "<group>";
		};
		073865D725E7537F003B33F3 /* SuperAwesomeTodoApp */ = {
			isa = PBXGroup;
			children = (
				072384A325E9E3D8008818F8 /* Controller */,
				072384A225E9E3D2008818F8 /* View */,
				070D3D3925E9E2CD007C33B8 /* Model */,
				073865D825E7537F003B33F3 /* AppDelegate.swift */,
				073865DA25E7537F003B33F3 /* SceneDelegate.swift */,
				073865DC25E7537F003B33F3 /* ViewController.swift */,
				073865DE25E7537F003B33F3 /* Main.storyboard */,
				073865E125E7537F003B33F3 /* Assets.xcassets */,
				073865E325E7537F003B33F3 /* LaunchScreen.storyboard */,
				073865E625E7537F003B33F3 /* Info.plist */,
			);
			path = SuperAwesomeTodoApp;
			sourceTree = "<group>";
		};
/* End PBXGroup section */

/* Begin PBXNativeTarget section */
		073865D425E7537F003B33F3 /* SuperAwesomeTodoApp */ = {
			isa = PBXNativeTarget;
			buildConfigurationList = 073865E925E7537F003B33F3 /* Build configuration list for PBXNativeTarget "SuperAwesomeTodoApp" */;
			buildPhases = (
				073865D125E7537F003B33F3 /* Sources */,
				073865D225E7537F003B33F3 /* Frameworks */,
				073865D325E7537F003B33F3 /* Resources */,
			);
			buildRules = (
			);
			dependencies = (
			);
			name = SuperAwesomeTodoApp;
			productName = SuperAwesomeTodoApp;
			productReference = 073865D525E7537F003B33F3 /* SuperAwesomeTodoApp.app */;
			productType = "com.apple.product-type.application";
		};
/* End PBXNativeTarget section */

/* Begin PBXProject section */
		073865CD25E7537F003B33F3 /* Project object */ = {
			isa = PBXProject;
			attributes = {
				LastSwiftUpdateCheck = 1220;
				LastUpgradeCheck = 1220;
				TargetAttributes = {
					073865D425E7537F003B33F3 = {
						CreatedOnToolsVersion = 12.2;
					};
				};
			};
			buildConfigurationList = 073865D025E7537F003B33F3 /* Build configuration list for PBXProject "SuperAwesomeTodoApp" */;
			compatibilityVersion = "Xcode 9.3";
			developmentRegion = en;
			hasScannedForEncodings = 0;
			knownRegions = (
				en,
				Base,
			);
			mainGroup = 073865CC25E7537F003B33F3;
			productRefGroup = 073865D625E7537F003B33F3 /* Products */;
			projectDirPath = "";
			projectRoot = "";
			targets = (
				073865D425E7537F003B33F3 /* SuperAwesomeTodoApp */,
			);
		};
/* End PBXProject section */

/* Begin PBXResourcesBuildPhase section */
		073865D325E7537F003B33F3 /* Resources */ = {
			isa = PBXResourcesBuildPhase;
			buildActionMask = 2147483647;
			files = (
				073865E525E7537F003B33F3 /* LaunchScreen.storyboard in Resources */,
				073865E225E7537F003B33F3 /* Assets.xcassets in Resources */,
				073865E025E7537F003B33F3 /* Main.storyboard in Resources */,
			);
			runOnlyForDeploymentPostprocessing = 0;
		};
/* End PBXResourcesBuildPhase section */

/* Begin PBXSourcesBuildPhase section */
		073865D125E7537F003B33F3 /* Sources */ = {
			isa = PBXSourcesBuildPhase;
			buildActionMask = 2147483647;
			files = (
				072384AE25E9E871008818F8 /* TaskController.swift in Sources */,
				073865DD25E7537F003B33F3 /* ViewController.swift in Sources */,
				072384A825E9E77E008818F8 /* Card.swift in Sources */,
				072384B425EA0FCB008818F8 /* Header.swift in Sources */,
				073865D925E7537F003B33F3 /* AppDelegate.swift in Sources */,
				072384A525E9E3FA008818F8 /* TaskModel.swift in Sources */,
				073865DB25E7537F003B33F3 /* SceneDelegate.swift in Sources */,
			);
			runOnlyForDeploymentPostprocessing = 0;
		};
/* End PBXSourcesBuildPhase section */

/* Begin PBXVariantGroup section */
		073865DE25E7537F003B33F3 /* Main.storyboard */ = {
			isa = PBXVariantGroup;
			children = (
				073865DF25E7537F003B33F3 /* Base */,
			);
			name = Main.storyboard;
			sourceTree = "<group>";
		};
		073865E325E7537F003B33F3 /* LaunchScreen.storyboard */ = {
			isa = PBXVariantGroup;
			children = (
				073865E425E7537F003B33F3 /* Base */,
			);
			name = LaunchScreen.storyboard;
			sourceTree = "<group>";
		};
/* End PBXVariantGroup section */

/* Begin XCBuildConfiguration section */
		073865E725E7537F003B33F3 /* Debug */ = {
			isa = XCBuildConfiguration;
			buildSettings = {
				ALWAYS_SEARCH_USER_PATHS = NO;
				CLANG_ANALYZER_NONNULL = YES;
				CLANG_ANALYZER_NUMBER_OBJECT_CONVERSION = YES_AGGRESSIVE;
				CLANG_CXX_LANGUAGE_STANDARD = "gnu++14";
				CLANG_CXX_LIBRARY = "libc++";
				CLANG_ENABLE_MODULES = YES;
				CLANG_ENABLE_OBJC_ARC = YES;
				CLANG_ENABLE_OBJC_WEAK = YES;
				CLANG_WARN_BLOCK_CAPTURE_AUTORELEASING = YES;
				CLANG_WARN_BOOL_CONVERSION = YES;
				CLANG_WARN_COMMA = YES;
				CLANG_WARN_CONSTANT_CONVERSION = YES;
				CLANG_WARN_DEPRECATED_OBJC_IMPLEMENTATIONS = YES;
				CLANG_WARN_DIRECT_OBJC_ISA_USAGE = YES_ERROR;
				CLANG_WARN_DOCUMENTATION_COMMENTS = YES;
				CLANG_WARN_EMPTY_BODY = YES;
				CLANG_WARN_ENUM_CONVERSION = YES;
				CLANG_WARN_INFINITE_RECURSION = YES;
				CLANG_WARN_INT_CONVERSION = YES;
				CLANG_WARN_NON_LITERAL_NULL_CONVERSION = YES;
				CLANG_WARN_OBJC_IMPLICIT_RETAIN_SELF = YES;
				CLANG_WARN_OBJC_LITERAL_CONVERSION = YES;
				CLANG_WARN_OBJC_ROOT_CLASS = YES_ERROR;
				CLANG_WARN_QUOTED_INCLUDE_IN_FRAMEWORK_HEADER = YES;
				CLANG_WARN_RANGE_LOOP_ANALYSIS = YES;
				CLANG_WARN_STRICT_PROTOTYPES = YES;
				CLANG_WARN_SUSPICIOUS_MOVE = YES;
				CLANG_WARN_UNGUARDED_AVAILABILITY = YES_AGGRESSIVE;
				CLANG_WARN_UNREACHABLE_CODE = YES;
				CLANG_WARN__DUPLICATE_METHOD_MATCH = YES;
				COPY_PHASE_STRIP = NO;
				DEBUG_INFORMATION_FORMAT = dwarf;
				ENABLE_STRICT_OBJC_MSGSEND = YES;
				ENABLE_TESTABILITY = YES;
				GCC_C_LANGUAGE_STANDARD = gnu11;
				GCC_DYNAMIC_NO_PIC = NO;
				GCC_NO_COMMON_BLOCKS = YES;
				GCC_OPTIMIZATION_LEVEL = 0;
				GCC_PREPROCESSOR_DEFINITIONS = (
					"DEBUG=1",
					"$(inherited)",
				);
				GCC_WARN_64_TO_32_BIT_CONVERSION = YES;
				GCC_WARN_ABOUT_RETURN_TYPE = YES_ERROR;
				GCC_WARN_UNDECLARED_SELECTOR = YES;
				GCC_WARN_UNINITIALIZED_AUTOS = YES_AGGRESSIVE;
				GCC_WARN_UNUSED_FUNCTION = YES;
				GCC_WARN_UNUSED_VARIABLE = YES;
				IPHONEOS_DEPLOYMENT_TARGET = 14.2;
				MTL_ENABLE_DEBUG_INFO = INCLUDE_SOURCE;
				MTL_FAST_MATH = YES;
				ONLY_ACTIVE_ARCH = YES;
				SDKROOT = iphoneos;
				SWIFT_ACTIVE_COMPILATION_CONDITIONS = DEBUG;
				SWIFT_OPTIMIZATION_LEVEL = "-Onone";
			};
			name = Debug;
		};
		073865E825E7537F003B33F3 /* Release */ = {
			isa = XCBuildConfiguration;
			buildSettings = {
				ALWAYS_SEARCH_USER_PATHS = NO;
				CLANG_ANALYZER_NONNULL = YES;
				CLANG_ANALYZER_NUMBER_OBJECT_CONVERSION = YES_AGGRESSIVE;
				CLANG_CXX_LANGUAGE_STANDARD = "gnu++14";
				CLANG_CXX_LIBRARY = "libc++";
				CLANG_ENABLE_MODULES = YES;
				CLANG_ENABLE_OBJC_ARC = YES;
				CLANG_ENABLE_OBJC_WEAK = YES;
				CLANG_WARN_BLOCK_CAPTURE_AUTORELEASING = YES;
				CLANG_WARN_BOOL_CONVERSION = YES;
				CLANG_WARN_COMMA = YES;
				CLANG_WARN_CONSTANT_CONVERSION = YES;
				CLANG_WARN_DEPRECATED_OBJC_IMPLEMENTATIONS = YES;
				CLANG_WARN_DIRECT_OBJC_ISA_USAGE = YES_ERROR;
				CLANG_WARN_DOCUMENTATION_COMMENTS = YES;
				CLANG_WARN_EMPTY_BODY = YES;
				CLANG_WARN_ENUM_CONVERSION = YES;
				CLANG_WARN_INFINITE_RECURSION = YES;
				CLANG_WARN_INT_CONVERSION = YES;
				CLANG_WARN_NON_LITERAL_NULL_CONVERSION = YES;
				CLANG_WARN_OBJC_IMPLICIT_RETAIN_SELF = YES;
				CLANG_WARN_OBJC_LITERAL_CONVERSION = YES;
				CLANG_WARN_OBJC_ROOT_CLASS = YES_ERROR;
				CLANG_WARN_QUOTED_INCLUDE_IN_FRAMEWORK_HEADER = YES;
				CLANG_WARN_RANGE_LOOP_ANALYSIS = YES;
				CLANG_WARN_STRICT_PROTOTYPES = YES;
				CLANG_WARN_SUSPICIOUS_MOVE = YES;
				CLANG_WARN_UNGUARDED_AVAILABILITY = YES_AGGRESSIVE;
				CLANG_WARN_UNREACHABLE_CODE = YES;
				CLANG_WARN__DUPLICATE_METHOD_MATCH = YES;
				COPY_PHASE_STRIP = NO;
				DEBUG_INFORMATION_FORMAT = "dwarf-with-dsym";
				ENABLE_NS_ASSERTIONS = NO;
				ENABLE_STRICT_OBJC_MSGSEND = YES;
				GCC_C_LANGUAGE_STANDARD = gnu11;
				GCC_NO_COMMON_BLOCKS = YES;
				GCC_WARN_64_TO_32_BIT_CONVERSION = YES;
				GCC_WARN_ABOUT_RETURN_TYPE = YES_ERROR;
				GCC_WARN_UNDECLARED_SELECTOR = YES;
				GCC_WARN_UNINITIALIZED_AUTOS = YES_AGGRESSIVE;
				GCC_WARN_UNUSED_FUNCTION = YES;
				GCC_WARN_UNUSED_VARIABLE = YES;
				IPHONEOS_DEPLOYMENT_TARGET = 14.2;
				MTL_ENABLE_DEBUG_INFO = NO;
				MTL_FAST_MATH = YES;
				SDKROOT = iphoneos;
				SWIFT_COMPILATION_MODE = wholemodule;
				SWIFT_OPTIMIZATION_LEVEL = "-O";
				VALIDATE_PRODUCT = YES;
			};
			name = Release;
		};
		073865EA25E7537F003B33F3 /* Debug */ = {
			isa = XCBuildConfiguration;
			buildSettings = {
				ASSETCATALOG_COMPILER_APPICON_NAME = AppIcon;
				ASSETCATALOG_COMPILER_GLOBAL_ACCENT_COLOR_NAME = AccentColor;
				CODE_SIGN_STYLE = Automatic;
				INFOPLIST_FILE = SuperAwesomeTodoApp/Info.plist;
				LD_RUNPATH_SEARCH_PATHS = (
					"$(inherited)",
					"@executable_path/Frameworks",
				);
				PRODUCT_BUNDLE_IDENTIFIER = dev.carlospadron.SuperAwesomeTodoApp;
				PRODUCT_NAME = "$(TARGET_NAME)";
				SWIFT_VERSION = 5.0;
				TARGETED_DEVICE_FAMILY = "1,2";
			};
			name = Debug;
		};
		073865EB25E7537F003B33F3 /* Release */ = {
			isa = XCBuildConfiguration;
			buildSettings = {
				ASSETCATALOG_COMPILER_APPICON_NAME = AppIcon;
				ASSETCATALOG_COMPILER_GLOBAL_ACCENT_COLOR_NAME = AccentColor;
				CODE_SIGN_STYLE = Automatic;
				INFOPLIST_FILE = SuperAwesomeTodoApp/Info.plist;
				LD_RUNPATH_SEARCH_PATHS = (
					"$(inherited)",
					"@executable_path/Frameworks",
				);
				PRODUCT_BUNDLE_IDENTIFIER = dev.carlospadron.SuperAwesomeTodoApp;
				PRODUCT_NAME = "$(TARGET_NAME)";
				SWIFT_VERSION = 5.0;
				TARGETED_DEVICE_FAMILY = "1,2";
			};
			name = Release;
		};
/* End XCBuildConfiguration section */

/* Begin XCConfigurationList section */
		073865D025E7537F003B33F3 /* Build configuration list for PBXProject "SuperAwesomeTodoApp" */ = {
			isa = XCConfigurationList;
			buildConfigurations = (
				073865E725E7537F003B33F3 /* Debug */,
				073865E825E7537F003B33F3 /* Release */,
			);
			defaultConfigurationIsVisible = 0;
			defaultConfigurationName = Release;
		};
		073865E925E7537F003B33F3 /* Build configuration list for PBXNativeTarget "SuperAwesomeTodoApp" */ = {
			isa = XCConfigurationList;
			buildConfigurations = (
				073865EA25E7537F003B33F3 /* Debug */,
				073865EB25E7537F003B33F3 /* Release */,
			);
			defaultConfigurationIsVisible = 0;
			defaultConfigurationName = Release;
		};
/* End XCConfigurationList section */
	};
	rootObject = 073865CD25E7537F003B33F3 /* Project object */;
}
